
Microsoft Visual Studio Solution File, Format Version 12.00
# Visual Studio 15
VisualStudioVersion = 15.0.28307.645
MinimumVisualStudioVersion = 10.0.40219.1
Project("{FAE04EC0-301F-11D3-BF4B-00C04F79EFBC}") = "Eureka Bank system", "Eureka Bank system\Eureka Bank system.csproj", "{4E1E7309-2B46-4E4D-A4D4-B87BF04BACD5}"
EndProject
Global
	GlobalSection(SolutionConfigurationPlatforms) = preSolution
		Debug|Any CPU = Debug|Any CPU
		Release|Any CPU = Release|Any CPU
	EndGlobalSection
	GlobalSection(ProjectConfigurationPlatforms) = postSolution
		{4E1E7309-2B46-4E4D-A4D4-B87BF04BACD5}.Debug|Any CPU.ActiveCfg = Debug|Any CPU
		{4E1E7309-2B46-4E4D-A4D4-B87BF04BACD5}.Debug|Any CPU.Build.0 = Debug|Any CPU
		{4E1E7309-2B46-4E4D-A4D4-B87BF04BACD5}.Release|Any CPU.ActiveCfg = Release|Any CPU
		{4E1E7309-2B46-4E4D-A4D4-B87BF04BACD5}.Release|Any CPU.Build.0 = Release|Any CPU
	EndGlobalSection
	GlobalSection(SolutionProperties) = preSolution
		HideSolutionNode = FALSE
	EndGlobalSection
	GlobalSection(ExtensibilityGlobals) = postSolution
		SolutionGuid = {26EE00C4-FB95-4C72-8990-F1C59AECA9C7}
	EndGlobalSection
EndGlobal
